
Microsoft Visual Studio Solution File, Format Version 12.00
Project("{FAE04EC0-301F-11D3-BF4B-00C04F79EFBC}") = "Bitap", "Bitap\Bitap.csproj", "{4EA64D4C-A616-4E42-A282-E735197CBEBC}"
EndProject
Global
	GlobalSection(SolutionConfigurationPlatforms) = preSolution
		Debug|Any CPU = Debug|Any CPU
		Release|Any CPU = Release|Any CPU
	EndGlobalSection
	GlobalSection(ProjectConfigurationPlatforms) = postSolution
		{4EA64D4C-A616-4E42-A282-E735197CBEBC}.Debug|Any CPU.ActiveCfg = Debug|Any CPU
		{4EA64D4C-A616-4E42-A282-E735197CBEBC}.Debug|Any CPU.Build.0 = Debug|Any CPU
		{4EA64D4C-A616-4E42-A282-E735197CBEBC}.Release|Any CPU.ActiveCfg = Release|Any CPU
		{4EA64D4C-A616-4E42-A282-E735197CBEBC}.Release|Any CPU.Build.0 = Release|Any CPU
	EndGlobalSection
EndGlobal
